
Microsoft Visual Studio Solution File, Format Version 12.00
# Visual Studio Version 17
VisualStudioVersion = 17.14.36930.0 d17.14
MinimumVisualStudioVersion = 10.0.40219.1
Project("{FAE04EC0-301F-11D3-BF4B-00C04F79EFBC}") = "emvecre", "emvecre\emvecre.csproj", "{99AD01C5-5239-4ADB-971B-22D9CAA20988}"
EndProject
Project("{FAE04EC0-301F-11D3-BF4B-00C04F79EFBC}") = "Reportes", "Reportes\Reportes\Reportes.csproj", "{6AEBCAE1-6FA9-4D39-82B6-3B42095C5CA9}"
EndProject
Project("{54435603-DBB4-11D2-8724-00A0C9A8B90C}") = "setupPro", "setupPro\setupPro.vdproj", "{C09E5AD8-D17E-3A8D-D773-36413BCD2ECC}"
EndProject
Global
	GlobalSection(SolutionConfigurationPlatforms) = preSolution
		Debug|Any CPU = Debug|Any CPU
		Release|Any CPU = Release|Any CPU
	EndGlobalSection
	GlobalSection(ProjectConfigurationPlatforms) = postSolution
		{99AD01C5-5239-4ADB-971B-22D9CAA20988}.Debug|Any CPU.ActiveCfg = Debug|Any CPU
		{99AD01C5-5239-4ADB-971B-22D9CAA20988}.Debug|Any CPU.Build.0 = Debug|Any CPU
		{99AD01C5-5239-4ADB-971B-22D9CAA20988}.Release|Any CPU.ActiveCfg = Release|Any CPU
		{99AD01C5-5239-4ADB-971B-22D9CAA20988}.Release|Any CPU.Build.0 = Release|Any CPU
		{6AEBCAE1-6FA9-4D39-82B6-3B42095C5CA9}.Debug|Any CPU.ActiveCfg = Debug|Any CPU
		{6AEBCAE1-6FA9-4D39-82B6-3B42095C5CA9}.Debug|Any CPU.Build.0 = Debug|Any CPU
		{6AEBCAE1-6FA9-4D39-82B6-3B42095C5CA9}.Release|Any CPU.ActiveCfg = Release|Any CPU
		{6AEBCAE1-6FA9-4D39-82B6-3B42095C5CA9}.Release|Any CPU.Build.0 = Release|Any CPU
		{C09E5AD8-D17E-3A8D-D773-36413BCD2ECC}.Debug|Any CPU.ActiveCfg = Debug
		{C09E5AD8-D17E-3A8D-D773-36413BCD2ECC}.Release|Any CPU.ActiveCfg = Release
		{C09E5AD8-D17E-3A8D-D773-36413BCD2ECC}.Release|Any CPU.Build.0 = Release
	EndGlobalSection
	GlobalSection(SolutionProperties) = preSolution
		HideSolutionNode = FALSE
	EndGlobalSection
	GlobalSection(ExtensibilityGlobals) = postSolution
		SolutionGuid = {5BB6176D-994A-4CA0-8C13-3FBA79E43E5E}
	EndGlobalSection
EndGlobal
